
Microsoft Visual Studio Solution File, Format Version 12.00
# Visual Studio Version 17
VisualStudioVersion = 17.1.32328.378
MinimumVisualStudioVersion = 10.0.40219.1
Project("{FAE04EC0-301F-11D3-BF4B-00C04F79EFBC}") = "CVDTestApp", "CVDTestApp\CVDTestApp.csproj", "{CE84302C-7E97-4932-9A73-B731C2FE45C6}"
EndProject
Global
	GlobalSection(SolutionConfigurationPlatforms) = preSolution
		Debug|Any CPU = Debug|Any CPU
		Release|Any CPU = Release|Any CPU
	EndGlobalSection
	GlobalSection(ProjectConfigurationPlatforms) = postSolution
		{CE84302C-7E97-4932-9A73-B731C2FE45C6}.Debug|Any CPU.ActiveCfg = Debug|Any CPU
		{CE84302C-7E97-4932-9A73-B731C2FE45C6}.Debug|Any CPU.Build.0 = Debug|Any CPU
		{CE84302C-7E97-4932-9A73-B731C2FE45C6}.Release|Any CPU.ActiveCfg = Release|Any CPU
		{CE84302C-7E97-4932-9A73-B731C2FE45C6}.Release|Any CPU.Build.0 = Release|Any CPU
	EndGlobalSection
	GlobalSection(SolutionProperties) = preSolution
		HideSolutionNode = FALSE
	EndGlobalSection
	GlobalSection(ExtensibilityGlobals) = postSolution
		SolutionGuid = {B4AFA79D-D9F9-47B1-90CC-AFA91A8B46B3}
	EndGlobalSection
EndGlobal
